// !$*UTF8*$!
{
	archiveVersion = 1;
	classes = {
	};
	objectVersion = 77;
	objects = {

/* Begin PBXBuildFile section */
		0E9B7CF1AFC187AFE832C1F4 /* RemuxGhosttyKit.xcframework in Frameworks */ = {isa = PBXBuildFile; fileRef = 46F963686BC2EBD26B1DCC1C /* RemuxGhosttyKit.xcframework */; };
		109E4551800EDCA43A760F80 /* Localizable.strings in Resources */ = {isa = PBXBuildFile; fileRef = 9A1E86AC034B64B37F68A846 /* Localizable.strings */; };
		14EC21ABAE7D514B7F68225A /* Stores.swift in Sources */ = {isa = PBXBuildFile; fileRef = B05E4FE02E3C3962771154D7 /* Stores.swift */; };
		16DF0B72EA0BA73D616F61D5 /* CitadelSSHTransport.swift in Sources */ = {isa = PBXBuildFile; fileRef = D77CF33F94CEBE45B61807FB /* CitadelSSHTransport.swift */; };
		29E5C06C8FB1718904533EEE /* TmuxControl.swift in Sources */ = {isa = PBXBuildFile; fileRef = 6A8E335F20D27CE6353A85E4 /* TmuxControl.swift */; };
		2EA225F941CDB8FE36CA7A8F /* SavedModels.swift in Sources */ = {isa = PBXBuildFile; fileRef = 210BF0AD6F094B3D96D0A36D /* SavedModels.swift */; };
		30694D81E01EF77122136322 /* MoriRemoteDependencies.swift in Sources */ = {isa = PBXBuildFile; fileRef = 0EBBE7E60EEF6A3363F73F0A /* MoriRemoteDependencies.swift */; };
		3207EDDDF0FDBE441D981A8B /* SSHTransportTests.swift in Sources */ = {isa = PBXBuildFile; fileRef = B402FCCB191BE4C43EE332CF /* SSHTransportTests.swift */; };
		376EEC1B30EE8565C4B085D1 /* MoriRemoteApp.swift in Sources */ = {isa = PBXBuildFile; fileRef = 46F3182F8D251430A10B298E /* MoriRemoteApp.swift */; };
		3FAC41CC848F16DDB123A9F6 /* Phase4ShellTests.swift in Sources */ = {isa = PBXBuildFile; fileRef = 0B2C6DECBA8C1C75B1A429CD /* Phase4ShellTests.swift */; };
		40234B3C274CDF5CBDF2746B /* GhosttyTerminalProbe.swift in Sources */ = {isa = PBXBuildFile; fileRef = 19D5EB975098390AD7F38424 /* GhosttyTerminalProbe.swift */; };
		4B2ADF9D0C7011A644E1104E /* TmuxShellCommand.swift in Sources */ = {isa = PBXBuildFile; fileRef = D631082FBB8A05D4BA1F801F /* TmuxShellCommand.swift */; };
		4E34F7CDB1296EF5B949969A /* TmuxSessionController.swift in Sources */ = {isa = PBXBuildFile; fileRef = C1C4381824F6C5E7604AAF7A /* TmuxSessionController.swift */; };
		51CDD881F49D4124117A3D7D /* HostTrust.swift in Sources */ = {isa = PBXBuildFile; fileRef = 2E4A9E8D51098FB9FE41A085 /* HostTrust.swift */; };
		54F38E40C11EB8E48022762A /* AgentMetadataProjector.swift in Sources */ = {isa = PBXBuildFile; fileRef = 806F0C378B5C9E2D51B6E1A3 /* AgentMetadataProjector.swift */; };
		54F48944A9E87F22A490B8D4 /* LegacyMigrationTests.swift in Sources */ = {isa = PBXBuildFile; fileRef = 46F1405B1589426A03FA7530 /* LegacyMigrationTests.swift */; };
		553D7FA2654275C5B609DB67 /* SSHRootPool.swift in Sources */ = {isa = PBXBuildFile; fileRef = DC5CE2DEDF2FDD48461599ED /* SSHRootPool.swift */; };
		57A0B148D1B8D23CA120481C /* Assets.xcassets in Resources */ = {isa = PBXBuildFile; fileRef = 495654252F6CE455BE0201B3 /* Assets.xcassets */; };
		5D0A706E5CC15CA815D2205C /* NIOPosix in Frameworks */ = {isa = PBXBuildFile; productRef = 82712771B627666368A3F09C /* NIOPosix */; };
		64772A470A3EB7EE2CD92BA8 /* SSHTmuxControlTransport.swift in Sources */ = {isa = PBXBuildFile; fileRef = 21CE86B5FC370573653D3245 /* SSHTmuxControlTransport.swift */; };
		68C87C51C7B1430199E64AAC /* SSHPrivateKeyInspector.swift in Sources */ = {isa = PBXBuildFile; fileRef = 73D1DDD00FB01982F6F52E2B /* SSHPrivateKeyInspector.swift */; };
		6C61BF2005608B1366F0CE31 /* RemoteRootView.swift in Sources */ = {isa = PBXBuildFile; fileRef = DDA4083A9512502482A6CECA /* RemoteRootView.swift */; };
		6E8368DBBA57DB44BDC8E1E5 /* LegacyMigration.swift in Sources */ = {isa = PBXBuildFile; fileRef = B88BDAAB702E98FDD084041C /* LegacyMigration.swift */; };
		7847C4893AE9B6481BD63CEB /* Phase3RuntimeTests.swift in Sources */ = {isa = PBXBuildFile; fileRef = C489F3E1E08779C85038ED0E /* Phase3RuntimeTests.swift */; };
		78FE94F2F5065228E0F8B259 /* Phase2TransportTests.swift in Sources */ = {isa = PBXBuildFile; fileRef = 7E8BD2004DFD8216875267B3 /* Phase2TransportTests.swift */; };
		7EB9D2C181E73D43B40C9485 /* PrivacyInfo.xcprivacy in Resources */ = {isa = PBXBuildFile; fileRef = E788C063B75F299CBC1D0165 /* PrivacyInfo.xcprivacy */; };
		85ADFC9BAA17017ECA067C5B /* Citadel in Frameworks */ = {isa = PBXBuildFile; productRef = F391794B759D1B5CD2C36000 /* Citadel */; };
		8A1DC8FFA1F8B93734D4E0E3 /* SSHAuth.swift in Sources */ = {isa = PBXBuildFile; fileRef = 46D3CED1154E19B734CC9AA8 /* SSHAuth.swift */; };
		950C33367217BF06FA564D2B /* NIO in Frameworks */ = {isa = PBXBuildFile; productRef = 6712048F2C2EC6961F582380 /* NIO */; };
		A64AA54831409250D2D7AC3A /* GhosttyPaneSurface.swift in Sources */ = {isa = PBXBuildFile; fileRef = 959028AD3B554BF795BA1E1D /* GhosttyPaneSurface.swift */; };
		BE15F82CE37D35B536E662ED /* GhosttyTmuxRuntime.swift in Sources */ = {isa = PBXBuildFile; fileRef = BC12A8D26738364541B655A5 /* GhosttyTmuxRuntime.swift */; };
		C7B874D9B7973D33D6D7E5D6 /* NIOSSH in Frameworks */ = {isa = PBXBuildFile; productRef = 2B047F037703450AD7431F98 /* NIOSSH */; };
		D9FCCAC3DC580C38B54CCC89 /* RemuxGhosttyKitABIProbe.swift in Sources */ = {isa = PBXBuildFile; fileRef = D4AFD5A012E0A84CC4FCDB82 /* RemuxGhosttyKitABIProbe.swift */; };
		DE5D4372E774A67A9B411667 /* DeterministicTmuxControlTransport.swift in Sources */ = {isa = PBXBuildFile; fileRef = 4890358DA9214454F2A47677 /* DeterministicTmuxControlTransport.swift */; };
		EDD8C4E66770445F478F5BA5 /* RemoteRootModel.swift in Sources */ = {isa = PBXBuildFile; fileRef = 9B1E077AE28FE61640CCBFBC /* RemoteRootModel.swift */; };
		EF60EB78984BBF1E9A3FFC35 /* GhosttyKitRuntime.swift in Sources */ = {isa = PBXBuildFile; fileRef = 7C56BC03B97609DD98C3EF2C /* GhosttyKitRuntime.swift */; };
		F80DC80D0F8E3E17AD450B98 /* Phase5AgentMetadataTests.swift in Sources */ = {isa = PBXBuildFile; fileRef = 0A0323091B8EC347B211B0AF /* Phase5AgentMetadataTests.swift */; };
/* End PBXBuildFile section */

/* Begin PBXContainerItemProxy section */
		F94EA73662EAB769336ACE5F /* PBXContainerItemProxy */ = {
			isa = PBXContainerItemProxy;
			containerPortal = 04D4F671C0A85A6697E3F07E /* Project object */;
			proxyType = 1;
			remoteGlobalIDString = 219FEED5B577C565EBA81436;
			remoteInfo = MoriRemote;
		};
/* End PBXContainerItemProxy section */

/* Begin PBXFileReference section */
		0A0323091B8EC347B211B0AF /* Phase5AgentMetadataTests.swift */ = {isa = PBXFileReference; lastKnownFileType = sourcecode.swift; path = Phase5AgentMetadataTests.swift; sourceTree = "<group>"; };
		0B2C6DECBA8C1C75B1A429CD /* Phase4ShellTests.swift */ = {isa = PBXFileReference; lastKnownFileType = sourcecode.swift; path = Phase4ShellTests.swift; sourceTree = "<group>"; };
		0EBBE7E60EEF6A3363F73F0A /* MoriRemoteDependencies.swift */ = {isa = PBXFileReference; lastKnownFileType = sourcecode.swift; path = MoriRemoteDependencies.swift; sourceTree = "<group>"; };
		19D5EB975098390AD7F38424 /* GhosttyTerminalProbe.swift */ = {isa = PBXFileReference; lastKnownFileType = sourcecode.swift; path = GhosttyTerminalProbe.swift; sourceTree = "<group>"; };
		210BF0AD6F094B3D96D0A36D /* SavedModels.swift */ = {isa = PBXFileReference; lastKnownFileType = sourcecode.swift; path = SavedModels.swift; sourceTree = "<group>"; };
		21CE86B5FC370573653D3245 /* SSHTmuxControlTransport.swift */ = {isa = PBXFileReference; lastKnownFileType = sourcecode.swift; path = SSHTmuxControlTransport.swift; sourceTree = "<group>"; };
		2E4A9E8D51098FB9FE41A085 /* HostTrust.swift */ = {isa = PBXFileReference; lastKnownFileType = sourcecode.swift; path = HostTrust.swift; sourceTree = "<group>"; };
		405397F8D3FACA71D62B7717 /* zh-Hans */ = {isa = PBXFileReference; lastKnownFileType = text.plist.strings; name = "zh-Hans"; path = "zh-Hans.lproj/Localizable.strings"; sourceTree = "<group>"; };
		46D3CED1154E19B734CC9AA8 /* SSHAuth.swift */ = {isa = PBXFileReference; lastKnownFileType = sourcecode.swift; path = SSHAuth.swift; sourceTree = "<group>"; };
		46F1405B1589426A03FA7530 /* LegacyMigrationTests.swift */ = {isa = PBXFileReference; lastKnownFileType = sourcecode.swift; path = LegacyMigrationTests.swift; sourceTree = "<group>"; };
		46F3182F8D251430A10B298E /* MoriRemoteApp.swift */ = {isa = PBXFileReference; lastKnownFileType = sourcecode.swift; path = MoriRemoteApp.swift; sourceTree = "<group>"; };
		46F963686BC2EBD26B1DCC1C /* RemuxGhosttyKit.xcframework */ = {isa = PBXFileReference; lastKnownFileType = wrapper.xcframework; name = RemuxGhosttyKit.xcframework; path = ../Frameworks/RemuxGhosttyKit.xcframework; sourceTree = "<group>"; };
		4890358DA9214454F2A47677 /* DeterministicTmuxControlTransport.swift */ = {isa = PBXFileReference; lastKnownFileType = sourcecode.swift; path = DeterministicTmuxControlTransport.swift; sourceTree = "<group>"; };
		495654252F6CE455BE0201B3 /* Assets.xcassets */ = {isa = PBXFileReference; lastKnownFileType = folder.assetcatalog; path = Assets.xcassets; sourceTree = "<group>"; };
		64BCCA48638A9FE1582D7514 /* MoriRemoteTests.xctest */ = {isa = PBXFileReference; includeInIndex = 0; lastKnownFileType = wrapper.cfbundle; path = MoriRemoteTests.xctest; sourceTree = BUILT_PRODUCTS_DIR; };
		6A8E335F20D27CE6353A85E4 /* TmuxControl.swift */ = {isa = PBXFileReference; lastKnownFileType = sourcecode.swift; path = TmuxControl.swift; sourceTree = "<group>"; };
		6C511C1314958A8D89FC53C8 /* Info.plist */ = {isa = PBXFileReference; lastKnownFileType = text.plist; path = Info.plist; sourceTree = "<group>"; };
		73D1DDD00FB01982F6F52E2B /* SSHPrivateKeyInspector.swift */ = {isa = PBXFileReference; lastKnownFileType = sourcecode.swift; path = SSHPrivateKeyInspector.swift; sourceTree = "<group>"; };
		7C56BC03B97609DD98C3EF2C /* GhosttyKitRuntime.swift */ = {isa = PBXFileReference; lastKnownFileType = sourcecode.swift; path = GhosttyKitRuntime.swift; sourceTree = "<group>"; };
		7E8BD2004DFD8216875267B3 /* Phase2TransportTests.swift */ = {isa = PBXFileReference; lastKnownFileType = sourcecode.swift; path = Phase2TransportTests.swift; sourceTree = "<group>"; };
		806F0C378B5C9E2D51B6E1A3 /* AgentMetadataProjector.swift */ = {isa = PBXFileReference; lastKnownFileType = sourcecode.swift; path = AgentMetadataProjector.swift; sourceTree = "<group>"; };
		959028AD3B554BF795BA1E1D /* GhosttyPaneSurface.swift */ = {isa = PBXFileReference; lastKnownFileType = sourcecode.swift; path = GhosttyPaneSurface.swift; sourceTree = "<group>"; };
		9B1E077AE28FE61640CCBFBC /* RemoteRootModel.swift */ = {isa = PBXFileReference; lastKnownFileType = sourcecode.swift; path = RemoteRootModel.swift; sourceTree = "<group>"; };
		B05E4FE02E3C3962771154D7 /* Stores.swift */ = {isa = PBXFileReference; lastKnownFileType = sourcecode.swift; path = Stores.swift; sourceTree = "<group>"; };
		B402FCCB191BE4C43EE332CF /* SSHTransportTests.swift */ = {isa = PBXFileReference; lastKnownFileType = sourcecode.swift; path = SSHTransportTests.swift; sourceTree = "<group>"; };
		B88BDAAB702E98FDD084041C /* LegacyMigration.swift */ = {isa = PBXFileReference; lastKnownFileType = sourcecode.swift; path = LegacyMigration.swift; sourceTree = "<group>"; };
		BC12A8D26738364541B655A5 /* GhosttyTmuxRuntime.swift */ = {isa = PBXFileReference; lastKnownFileType = sourcecode.swift; path = GhosttyTmuxRuntime.swift; sourceTree = "<group>"; };
		BEC31B48C129D1E076933F45 /* en */ = {isa = PBXFileReference; lastKnownFileType = text.plist.strings; name = en; path = en.lproj/Localizable.strings; sourceTree = "<group>"; };
		C1C4381824F6C5E7604AAF7A /* TmuxSessionController.swift */ = {isa = PBXFileReference; lastKnownFileType = sourcecode.swift; path = TmuxSessionController.swift; sourceTree = "<group>"; };
		C489F3E1E08779C85038ED0E /* Phase3RuntimeTests.swift */ = {isa = PBXFileReference; lastKnownFileType = sourcecode.swift; path = Phase3RuntimeTests.swift; sourceTree = "<group>"; };
		D4AFD5A012E0A84CC4FCDB82 /* RemuxGhosttyKitABIProbe.swift */ = {isa = PBXFileReference; lastKnownFileType = sourcecode.swift; path = RemuxGhosttyKitABIProbe.swift; sourceTree = "<group>"; };
		D631082FBB8A05D4BA1F801F /* TmuxShellCommand.swift */ = {isa = PBXFileReference; lastKnownFileType = sourcecode.swift; path = TmuxShellCommand.swift; sourceTree = "<group>"; };
		D77CF33F94CEBE45B61807FB /* CitadelSSHTransport.swift */ = {isa = PBXFileReference; lastKnownFileType = sourcecode.swift; path = CitadelSSHTransport.swift; sourceTree = "<group>"; };
		DC5CE2DEDF2FDD48461599ED /* SSHRootPool.swift */ = {isa = PBXFileReference; lastKnownFileType = sourcecode.swift; path = SSHRootPool.swift; sourceTree = "<group>"; };
		DDA4083A9512502482A6CECA /* RemoteRootView.swift */ = {isa = PBXFileReference; lastKnownFileType = sourcecode.swift; path = RemoteRootView.swift; sourceTree = "<group>"; };
		E6317A1B56EED0B86D2F4D5D /* MoriRemote.app */ = {isa = PBXFileReference; includeInIndex = 0; lastKnownFileType = wrapper.application; path = MoriRemote.app; sourceTree = BUILT_PRODUCTS_DIR; };
		E788C063B75F299CBC1D0165 /* PrivacyInfo.xcprivacy */ = {isa = PBXFileReference; path = PrivacyInfo.xcprivacy; sourceTree = "<group>"; };
/* End PBXFileReference section */

/* Begin PBXFrameworksBuildPhase section */
		F7510CFC46875E2AE7CF2B7A /* Frameworks */ = {
			isa = PBXFrameworksBuildPhase;
			buildActionMask = 2147483647;
			files = (
				85ADFC9BAA17017ECA067C5B /* Citadel in Frameworks */,
				950C33367217BF06FA564D2B /* NIO in Frameworks */,
				5D0A706E5CC15CA815D2205C /* NIOPosix in Frameworks */,
				C7B874D9B7973D33D6D7E5D6 /* NIOSSH in Frameworks */,
				0E9B7CF1AFC187AFE832C1F4 /* RemuxGhosttyKit.xcframework in Frameworks */,
			);
			runOnlyForDeploymentPostprocessing = 0;
		};
/* End PBXFrameworksBuildPhase section */

/* Begin PBXGroup section */
		2A2C3E328CF35E08821257D9 /* Resources */ = {
			isa = PBXGroup;
			children = (
				9A1E86AC034B64B37F68A846 /* Localizable.strings */,
			);
			path = Resources;
			sourceTree = "<group>";
		};
		30D66DA26907E44CBF500E44 /* SSH */ = {
			isa = PBXGroup;
			children = (
				D77CF33F94CEBE45B61807FB /* CitadelSSHTransport.swift */,
				2E4A9E8D51098FB9FE41A085 /* HostTrust.swift */,
				46D3CED1154E19B734CC9AA8 /* SSHAuth.swift */,
				73D1DDD00FB01982F6F52E2B /* SSHPrivateKeyInspector.swift */,
				DC5CE2DEDF2FDD48461599ED /* SSHRootPool.swift */,
			);
			path = SSH;
			sourceTree = "<group>";
		};
		3AA0698F729DC6B09848C13A /* MoriRemote */ = {
			isa = PBXGroup;
			children = (
				63BE1FDACD0B6E72C3E5E7E5 /* App */,
				B063AA8B3750F1CA282E879F /* Domain */,
				4951FA280BE48E9B2C0D8D06 /* Ghostty */,
				BB548A1B5870D127A31579E5 /* Persistence */,
				2A2C3E328CF35E08821257D9 /* Resources */,
				30D66DA26907E44CBF500E44 /* SSH */,
				85F3C6650D4ABEA622250660 /* Tmux */,
				B723E13FED944C47F0F5BB37 /* Views */,
				495654252F6CE455BE0201B3 /* Assets.xcassets */,
				6C511C1314958A8D89FC53C8 /* Info.plist */,
				46F3182F8D251430A10B298E /* MoriRemoteApp.swift */,
				E788C063B75F299CBC1D0165 /* PrivacyInfo.xcprivacy */,
				D4AFD5A012E0A84CC4FCDB82 /* RemuxGhosttyKitABIProbe.swift */,
			);
			path = MoriRemote;
			sourceTree = "<group>";
		};
		4951FA280BE48E9B2C0D8D06 /* Ghostty */ = {
			isa = PBXGroup;
			children = (
				7C56BC03B97609DD98C3EF2C /* GhosttyKitRuntime.swift */,
				959028AD3B554BF795BA1E1D /* GhosttyPaneSurface.swift */,
				19D5EB975098390AD7F38424 /* GhosttyTerminalProbe.swift */,
				BC12A8D26738364541B655A5 /* GhosttyTmuxRuntime.swift */,
			);
			path = Ghostty;
			sourceTree = "<group>";
		};
		63BE1FDACD0B6E72C3E5E7E5 /* App */ = {
			isa = PBXGroup;
			children = (
				0EBBE7E60EEF6A3363F73F0A /* MoriRemoteDependencies.swift */,
				9B1E077AE28FE61640CCBFBC /* RemoteRootModel.swift */,
			);
			path = App;
			sourceTree = "<group>";
		};
		85F3C6650D4ABEA622250660 /* Tmux */ = {
			isa = PBXGroup;
			children = (
				806F0C378B5C9E2D51B6E1A3 /* AgentMetadataProjector.swift */,
				4890358DA9214454F2A47677 /* DeterministicTmuxControlTransport.swift */,
				21CE86B5FC370573653D3245 /* SSHTmuxControlTransport.swift */,
				6A8E335F20D27CE6353A85E4 /* TmuxControl.swift */,
				C1C4381824F6C5E7604AAF7A /* TmuxSessionController.swift */,
				D631082FBB8A05D4BA1F801F /* TmuxShellCommand.swift */,
			);
			path = Tmux;
			sourceTree = "<group>";
		};
		B063AA8B3750F1CA282E879F /* Domain */ = {
			isa = PBXGroup;
			children = (
				210BF0AD6F094B3D96D0A36D /* SavedModels.swift */,
			);
			path = Domain;
			sourceTree = "<group>";
		};
		B723E13FED944C47F0F5BB37 /* Views */ = {
			isa = PBXGroup;
			children = (
				DDA4083A9512502482A6CECA /* RemoteRootView.swift */,
			);
			path = Views;
			sourceTree = "<group>";
		};
		BB548A1B5870D127A31579E5 /* Persistence */ = {
			isa = PBXGroup;
			children = (
				B88BDAAB702E98FDD084041C /* LegacyMigration.swift */,
				B05E4FE02E3C3962771154D7 /* Stores.swift */,
			);
			path = Persistence;
			sourceTree = "<group>";
		};
		CD5421D0DDCEBB050BBBD629 = {
			isa = PBXGroup;
			children = (
				3AA0698F729DC6B09848C13A /* MoriRemote */,
				EC1D22246639767E9C4475A3 /* MoriRemoteTests */,
				E6A9207E06A0AA3FF84EEAD4 /* Frameworks */,
				CF688A13389F8A9D4F04A9A0 /* Products */,
			);
			sourceTree = "<group>";
		};
		CF688A13389F8A9D4F04A9A0 /* Products */ = {
			isa = PBXGroup;
			children = (
				E6317A1B56EED0B86D2F4D5D /* MoriRemote.app */,
				64BCCA48638A9FE1582D7514 /* MoriRemoteTests.xctest */,
			);
			name = Products;
			sourceTree = "<group>";
		};
		E6A9207E06A0AA3FF84EEAD4 /* Frameworks */ = {
			isa = PBXGroup;
			children = (
				46F963686BC2EBD26B1DCC1C /* RemuxGhosttyKit.xcframework */,
			);
			name = Frameworks;
			sourceTree = "<group>";
		};
		EC1D22246639767E9C4475A3 /* MoriRemoteTests */ = {
			isa = PBXGroup;
			children = (
				46F1405B1589426A03FA7530 /* LegacyMigrationTests.swift */,
				7E8BD2004DFD8216875267B3 /* Phase2TransportTests.swift */,
				C489F3E1E08779C85038ED0E /* Phase3RuntimeTests.swift */,
				0B2C6DECBA8C1C75B1A429CD /* Phase4ShellTests.swift */,
				0A0323091B8EC347B211B0AF /* Phase5AgentMetadataTests.swift */,
				B402FCCB191BE4C43EE332CF /* SSHTransportTests.swift */,
			);
			path = MoriRemoteTests;
			sourceTree = "<group>";
		};
/* End PBXGroup section */

/* Begin PBXNativeTarget section */
		219FEED5B577C565EBA81436 /* MoriRemote */ = {
			isa = PBXNativeTarget;
			buildConfigurationList = 3DDF485FADC3D5DFE95D2C40 /* Build configuration list for PBXNativeTarget "MoriRemote" */;
			buildPhases = (
				9D6A69F5E0C209F46BFBA798 /* Sources */,
				D55D2784B20EE0BE03FC4ED5 /* Resources */,
				F7510CFC46875E2AE7CF2B7A /* Frameworks */,
				71A46B35119AD087A2D74C49 /* Embed MoriRemote third-party notices */,
			);
			buildRules = (
			);
			dependencies = (
			);
			name = MoriRemote;
			packageProductDependencies = (
				F391794B759D1B5CD2C36000 /* Citadel */,
				6712048F2C2EC6961F582380 /* NIO */,
				82712771B627666368A3F09C /* NIOPosix */,
				2B047F037703450AD7431F98 /* NIOSSH */,
			);
			productName = MoriRemote;
			productReference = E6317A1B56EED0B86D2F4D5D /* MoriRemote.app */;
			productType = "com.apple.product-type.application";
		};
		B6AEABE71E27F93510CA50A8 /* MoriRemoteTests */ = {
			isa = PBXNativeTarget;
			buildConfigurationList = AC164D6FBF79B9F2E0C42756 /* Build configuration list for PBXNativeTarget "MoriRemoteTests" */;
			buildPhases = (
				76A5C3E337C059514C36B29A /* Sources */,
			);
			buildRules = (
			);
			dependencies = (
				47DA555F8AF746D6D8E85EEB /* PBXTargetDependency */,
			);
			name = MoriRemoteTests;
			packageProductDependencies = (
			);
			productName = MoriRemoteTests;
			productReference = 64BCCA48638A9FE1582D7514 /* MoriRemoteTests.xctest */;
			productType = "com.apple.product-type.bundle.unit-test";
		};
/* End PBXNativeTarget section */

/* Begin PBXProject section */
		04D4F671C0A85A6697E3F07E /* Project object */ = {
			isa = PBXProject;
			attributes = {
				BuildIndependentTargetsInParallel = YES;
				LastUpgradeCheck = 1430;
				TargetAttributes = {
					219FEED5B577C565EBA81436 = {
						DevelopmentTeam = "${DEVELOPMENT_TEAM}";
					};
				};
			};
			buildConfigurationList = 9336E4FEC94E0847B39758F5 /* Build configuration list for PBXProject "MoriRemote" */;
			developmentRegion = en;
			hasScannedForEncodings = 0;
			knownRegions = (
				Base,
				en,
				"zh-Hans",
			);
			mainGroup = CD5421D0DDCEBB050BBBD629;
			minimizedProjectReferenceProxies = 1;
			packageReferences = (
				7C6A572E5B9BA196192B1D40 /* XCRemoteSwiftPackageReference "Citadel" */,
				44DC4C8F745B8FAC8527796A /* XCRemoteSwiftPackageReference "swift-nio" */,
				CBA32E44E2A2F728B4317FDB /* XCRemoteSwiftPackageReference "swift-nio-ssh" */,
			);
			preferredProjectObjectVersion = 77;
			productRefGroup = CF688A13389F8A9D4F04A9A0 /* Products */;
			projectDirPath = "";
			projectRoot = "";
			targets = (
				219FEED5B577C565EBA81436 /* MoriRemote */,
				B6AEABE71E27F93510CA50A8 /* MoriRemoteTests */,
			);
		};
/* End PBXProject section */

/* Begin PBXResourcesBuildPhase section */
		D55D2784B20EE0BE03FC4ED5 /* Resources */ = {
			isa = PBXResourcesBuildPhase;
			buildActionMask = 2147483647;
			files = (
				57A0B148D1B8D23CA120481C /* Assets.xcassets in Resources */,
				109E4551800EDCA43A760F80 /* Localizable.strings in Resources */,
				7EB9D2C181E73D43B40C9485 /* PrivacyInfo.xcprivacy in Resources */,
			);
			runOnlyForDeploymentPostprocessing = 0;
		};
/* End PBXResourcesBuildPhase section */

/* Begin PBXShellScriptBuildPhase section */
		71A46B35119AD087A2D74C49 /* Embed MoriRemote third-party notices */ = {
			isa = PBXShellScriptBuildPhase;
			alwaysOutOfDate = 1;
			buildActionMask = 2147483647;
			files = (
			);
			inputFileListPaths = (
			);
			inputPaths = (
			);
			name = "Embed MoriRemote third-party notices";
			outputFileListPaths = (
			);
			outputPaths = (
			);
			runOnlyForDeploymentPostprocessing = 0;
			shellPath = /bin/sh;
			shellScript = "set -euo pipefail\ndestination=\"$TARGET_BUILD_DIR/$UNLOCALIZED_RESOURCES_FOLDER_PATH\"\nditto \"$SRCROOT/../THIRD_PARTY_NOTICES.md\" \"$destination/THIRD_PARTY_NOTICES.md\"\nrm -rf \"$destination/THIRD_PARTY_LICENSES\"\nditto \"$SRCROOT/../THIRD_PARTY_LICENSES\" \"$destination/THIRD_PARTY_LICENSES\"\n";
		};
/* End PBXShellScriptBuildPhase section */

/* Begin PBXSourcesBuildPhase section */
		76A5C3E337C059514C36B29A /* Sources */ = {
			isa = PBXSourcesBuildPhase;
			buildActionMask = 2147483647;
			files = (
				54F48944A9E87F22A490B8D4 /* LegacyMigrationTests.swift in Sources */,
				78FE94F2F5065228E0F8B259 /* Phase2TransportTests.swift in Sources */,
				7847C4893AE9B6481BD63CEB /* Phase3RuntimeTests.swift in Sources */,
				3FAC41CC848F16DDB123A9F6 /* Phase4ShellTests.swift in Sources */,
				F80DC80D0F8E3E17AD450B98 /* Phase5AgentMetadataTests.swift in Sources */,
				3207EDDDF0FDBE441D981A8B /* SSHTransportTests.swift in Sources */,
			);
			runOnlyForDeploymentPostprocessing = 0;
		};
		9D6A69F5E0C209F46BFBA798 /* Sources */ = {
			isa = PBXSourcesBuildPhase;
			buildActionMask = 2147483647;
			files = (
				54F38E40C11EB8E48022762A /* AgentMetadataProjector.swift in Sources */,
				16DF0B72EA0BA73D616F61D5 /* CitadelSSHTransport.swift in Sources */,
				DE5D4372E774A67A9B411667 /* DeterministicTmuxControlTransport.swift in Sources */,
				EF60EB78984BBF1E9A3FFC35 /* GhosttyKitRuntime.swift in Sources */,
				A64AA54831409250D2D7AC3A /* GhosttyPaneSurface.swift in Sources */,
				40234B3C274CDF5CBDF2746B /* GhosttyTerminalProbe.swift in Sources */,
				BE15F82CE37D35B536E662ED /* GhosttyTmuxRuntime.swift in Sources */,
				51CDD881F49D4124117A3D7D /* HostTrust.swift in Sources */,
				6E8368DBBA57DB44BDC8E1E5 /* LegacyMigration.swift in Sources */,
				376EEC1B30EE8565C4B085D1 /* MoriRemoteApp.swift in Sources */,
				30694D81E01EF77122136322 /* MoriRemoteDependencies.swift in Sources */,
				EDD8C4E66770445F478F5BA5 /* RemoteRootModel.swift in Sources */,
				6C61BF2005608B1366F0CE31 /* RemoteRootView.swift in Sources */,
				D9FCCAC3DC580C38B54CCC89 /* RemuxGhosttyKitABIProbe.swift in Sources */,
				8A1DC8FFA1F8B93734D4E0E3 /* SSHAuth.swift in Sources */,
				68C87C51C7B1430199E64AAC /* SSHPrivateKeyInspector.swift in Sources */,
				553D7FA2654275C5B609DB67 /* SSHRootPool.swift in Sources */,
				64772A470A3EB7EE2CD92BA8 /* SSHTmuxControlTransport.swift in Sources */,
				2EA225F941CDB8FE36CA7A8F /* SavedModels.swift in Sources */,
				14EC21ABAE7D514B7F68225A /* Stores.swift in Sources */,
				29E5C06C8FB1718904533EEE /* TmuxControl.swift in Sources */,
				4E34F7CDB1296EF5B949969A /* TmuxSessionController.swift in Sources */,
				4B2ADF9D0C7011A644E1104E /* TmuxShellCommand.swift in Sources */,
			);
			runOnlyForDeploymentPostprocessing = 0;
		};
/* End PBXSourcesBuildPhase section */

/* Begin PBXTargetDependency section */
		47DA555F8AF746D6D8E85EEB /* PBXTargetDependency */ = {
			isa = PBXTargetDependency;
			target = 219FEED5B577C565EBA81436 /* MoriRemote */;
			targetProxy = F94EA73662EAB769336ACE5F /* PBXContainerItemProxy */;
		};
/* End PBXTargetDependency section */

/* Begin PBXVariantGroup section */
		9A1E86AC034B64B37F68A846 /* Localizable.strings */ = {
			isa = PBXVariantGroup;
			children = (
				BEC31B48C129D1E076933F45 /* en */,
				405397F8D3FACA71D62B7717 /* zh-Hans */,
			);
			name = Localizable.strings;
			sourceTree = "<group>";
		};
/* End PBXVariantGroup section */

/* Begin XCBuildConfiguration section */
		1BBAE16F791C607971EBAA18 /* Release */ = {
			isa = XCBuildConfiguration;
			buildSettings = {
				BUNDLE_LOADER = "$(TEST_HOST)";
				GENERATE_INFOPLIST_FILE = YES;
				IPHONEOS_DEPLOYMENT_TARGET = 17.0;
				LD_RUNPATH_SEARCH_PATHS = (
					"$(inherited)",
					"@executable_path/Frameworks",
					"@loader_path/Frameworks",
				);
				SDKROOT = iphoneos;
				SWIFT_STRICT_CONCURRENCY = complete;
				SWIFT_VERSION = 6.0;
				TARGETED_DEVICE_FAMILY = "1,2";
				TEST_HOST = "$(BUILT_PRODUCTS_DIR)/MoriRemote.app/MoriRemote";
			};
			name = Release;
		};
		69426152C9AAF1A96AC6E225 /* Release */ = {
			isa = XCBuildConfiguration;
			buildSettings = {
				ASSETCATALOG_COMPILER_APPICON_NAME = AppIcon;
				ASSETCATALOG_COMPILER_GLOBAL_ACCENT_COLOR_NAME = AccentColor;
				CODE_SIGNING_ALLOWED = YES;
				CODE_SIGNING_REQUIRED = YES;
				CODE_SIGN_IDENTITY = "Apple Distribution";
				CODE_SIGN_STYLE = Manual;
				CURRENT_PROJECT_VERSION = 1;
				DEVELOPMENT_TEAM = "${DEVELOPMENT_TEAM}";
				"EXCLUDED_ARCHS[sdk=iphonesimulator*]" = x86_64;
				FRAMEWORK_SEARCH_PATHS = (
					"$(inherited)",
					"\"../Frameworks\"",
				);
				GENERATE_INFOPLIST_FILE = NO;
				INFOPLIST_FILE = MoriRemote/Info.plist;
				IPHONEOS_DEPLOYMENT_TARGET = 17.0;
				LD_RUNPATH_SEARCH_PATHS = (
					"$(inherited)",
					"@executable_path/Frameworks",
				);
				MARKETING_VERSION = 0.3.5;
				OTHER_LDFLAGS = (
					"$(inherited)",
					"-lc++",
					"-Wl,-u,_ghostty_tmux_client_config_new",
				);
				PRODUCT_BUNDLE_IDENTIFIER = "com.vaayne.mori-remote";
				PRODUCT_NAME = MoriRemote;
				PROVISIONING_PROFILE_SPECIFIER = "MoriRemote App Store";
				SDKROOT = iphoneos;
				SWIFT_STRICT_CONCURRENCY = complete;
				SWIFT_VERSION = 6.0;
				TARGETED_DEVICE_FAMILY = "1,2";
			};
			name = Release;
		};
		77045044ECE6C75BA99AF33D /* Release */ = {
			isa = XCBuildConfiguration;
			buildSettings = {
				ALWAYS_SEARCH_USER_PATHS = NO;
				CLANG_ANALYZER_NONNULL = YES;
				CLANG_ANALYZER_NUMBER_OBJECT_CONVERSION = YES_AGGRESSIVE;
				CLANG_CXX_LANGUAGE_STANDARD = "gnu++14";
				CLANG_CXX_LIBRARY = "libc++";
				CLANG_ENABLE_MODULES = YES;
				CLANG_ENABLE_OBJC_ARC = YES;
				CLANG_ENABLE_OBJC_WEAK = YES;
				CLANG_WARN_BLOCK_CAPTURE_AUTORELEASING = YES;
				CLANG_WARN_BOOL_CONVERSION = YES;
				CLANG_WARN_COMMA = YES;
				CLANG_WARN_CONSTANT_CONVERSION = YES;
				CLANG_WARN_DEPRECATED_OBJC_IMPLEMENTATIONS = YES;
				CLANG_WARN_DIRECT_OBJC_ISA_USAGE = YES_ERROR;
				CLANG_WARN_DOCUMENTATION_COMMENTS = YES;
				CLANG_WARN_EMPTY_BODY = YES;
				CLANG_WARN_ENUM_CONVERSION = YES;
				CLANG_WARN_INFINITE_RECURSION = YES;
				CLANG_WARN_INT_CONVERSION = YES;
				CLANG_WARN_NON_LITERAL_NULL_CONVERSION = YES;
				CLANG_WARN_OBJC_IMPLICIT_RETAIN_SELF = YES;
				CLANG_WARN_OBJC_LITERAL_CONVERSION = YES;
				CLANG_WARN_OBJC_ROOT_CLASS = YES_ERROR;
				CLANG_WARN_QUOTED_INCLUDE_IN_FRAMEWORK_HEADER = YES;
				CLANG_WARN_RANGE_LOOP_ANALYSIS = YES;
				CLANG_WARN_STRICT_PROTOTYPES = YES;
				CLANG_WARN_SUSPICIOUS_MOVE = YES;
				CLANG_WARN_UNGUARDED_AVAILABILITY = YES_AGGRESSIVE;
				CLANG_WARN_UNREACHABLE_CODE = YES;
				CLANG_WARN__DUPLICATE_METHOD_MATCH = YES;
				COPY_PHASE_STRIP = NO;
				DEBUG_INFORMATION_FORMAT = "dwarf-with-dsym";
				ENABLE_NS_ASSERTIONS = NO;
				ENABLE_STRICT_OBJC_MSGSEND = YES;
				GCC_C_LANGUAGE_STANDARD = gnu11;
				GCC_NO_COMMON_BLOCKS = YES;
				GCC_WARN_64_TO_32_BIT_CONVERSION = YES;
				GCC_WARN_ABOUT_RETURN_TYPE = YES_ERROR;
				GCC_WARN_UNDECLARED_SELECTOR = YES;
				GCC_WARN_UNINITIALIZED_AUTOS = YES_AGGRESSIVE;
				GCC_WARN_UNUSED_FUNCTION = YES;
				GCC_WARN_UNUSED_VARIABLE = YES;
				IPHONEOS_DEPLOYMENT_TARGET = 17.0;
				MTL_ENABLE_DEBUG_INFO = NO;
				MTL_FAST_MATH = YES;
				PRODUCT_NAME = "$(TARGET_NAME)";
				SDKROOT = iphoneos;
				SWIFT_COMPILATION_MODE = wholemodule;
				SWIFT_OPTIMIZATION_LEVEL = "-O";
				SWIFT_VERSION = 5.0;
			};
			name = Release;
		};
		B92CA5DD46DFAC00DB97415E /* Debug */ = {
			isa = XCBuildConfiguration;
			buildSettings = {
				BUNDLE_LOADER = "$(TEST_HOST)";
				GENERATE_INFOPLIST_FILE = YES;
				IPHONEOS_DEPLOYMENT_TARGET = 17.0;
				LD_RUNPATH_SEARCH_PATHS = (
					"$(inherited)",
					"@executable_path/Frameworks",
					"@loader_path/Frameworks",
				);
				SDKROOT = iphoneos;
				SWIFT_STRICT_CONCURRENCY = complete;
				SWIFT_VERSION = 6.0;
				TARGETED_DEVICE_FAMILY = "1,2";
				TEST_HOST = "$(BUILT_PRODUCTS_DIR)/MoriRemote.app/MoriRemote";
			};
			name = Debug;
		};
		C7934FFE7BF74048CAD0AB5D /* Debug */ = {
			isa = XCBuildConfiguration;
			buildSettings = {
				ALWAYS_SEARCH_USER_PATHS = NO;
				CLANG_ANALYZER_NONNULL = YES;
				CLANG_ANALYZER_NUMBER_OBJECT_CONVERSION = YES_AGGRESSIVE;
				CLANG_CXX_LANGUAGE_STANDARD = "gnu++14";
				CLANG_CXX_LIBRARY = "libc++";
				CLANG_ENABLE_MODULES = YES;
				CLANG_ENABLE_OBJC_ARC = YES;
				CLANG_ENABLE_OBJC_WEAK = YES;
				CLANG_WARN_BLOCK_CAPTURE_AUTORELEASING = YES;
				CLANG_WARN_BOOL_CONVERSION = YES;
				CLANG_WARN_COMMA = YES;
				CLANG_WARN_CONSTANT_CONVERSION = YES;
				CLANG_WARN_DEPRECATED_OBJC_IMPLEMENTATIONS = YES;
				CLANG_WARN_DIRECT_OBJC_ISA_USAGE = YES_ERROR;
				CLANG_WARN_DOCUMENTATION_COMMENTS = YES;
				CLANG_WARN_EMPTY_BODY = YES;
				CLANG_WARN_ENUM_CONVERSION = YES;
				CLANG_WARN_INFINITE_RECURSION = YES;
				CLANG_WARN_INT_CONVERSION = YES;
				CLANG_WARN_NON_LITERAL_NULL_CONVERSION = YES;
				CLANG_WARN_OBJC_IMPLICIT_RETAIN_SELF = YES;
				CLANG_WARN_OBJC_LITERAL_CONVERSION = YES;
				CLANG_WARN_OBJC_ROOT_CLASS = YES_ERROR;
				CLANG_WARN_QUOTED_INCLUDE_IN_FRAMEWORK_HEADER = YES;
				CLANG_WARN_RANGE_LOOP_ANALYSIS = YES;
				CLANG_WARN_STRICT_PROTOTYPES = YES;
				CLANG_WARN_SUSPICIOUS_MOVE = YES;
				CLANG_WARN_UNGUARDED_AVAILABILITY = YES_AGGRESSIVE;
				CLANG_WARN_UNREACHABLE_CODE = YES;
				CLANG_WARN__DUPLICATE_METHOD_MATCH = YES;
				COPY_PHASE_STRIP = NO;
				DEBUG_INFORMATION_FORMAT = dwarf;
				ENABLE_STRICT_OBJC_MSGSEND = YES;
				ENABLE_TESTABILITY = YES;
				GCC_C_LANGUAGE_STANDARD = gnu11;
				GCC_DYNAMIC_NO_PIC = NO;
				GCC_NO_COMMON_BLOCKS = YES;
				GCC_OPTIMIZATION_LEVEL = 0;
				GCC_PREPROCESSOR_DEFINITIONS = (
					"$(inherited)",
					"DEBUG=1",
				);
				GCC_WARN_64_TO_32_BIT_CONVERSION = YES;
				GCC_WARN_ABOUT_RETURN_TYPE = YES_ERROR;
				GCC_WARN_UNDECLARED_SELECTOR = YES;
				GCC_WARN_UNINITIALIZED_AUTOS = YES_AGGRESSIVE;
				GCC_WARN_UNUSED_FUNCTION = YES;
				GCC_WARN_UNUSED_VARIABLE = YES;
				IPHONEOS_DEPLOYMENT_TARGET = 17.0;
				MTL_ENABLE_DEBUG_INFO = INCLUDE_SOURCE;
				MTL_FAST_MATH = YES;
				ONLY_ACTIVE_ARCH = YES;
				PRODUCT_NAME = "$(TARGET_NAME)";
				SDKROOT = iphoneos;
				SWIFT_ACTIVE_COMPILATION_CONDITIONS = DEBUG;
				SWIFT_OPTIMIZATION_LEVEL = "-Onone";
				SWIFT_VERSION = 5.0;
			};
			name = Debug;
		};
		F726711058899274B3209411 /* Debug */ = {
			isa = XCBuildConfiguration;
			buildSettings = {
				ASSETCATALOG_COMPILER_APPICON_NAME = AppIcon;
				ASSETCATALOG_COMPILER_GLOBAL_ACCENT_COLOR_NAME = AccentColor;
				CODE_SIGNING_ALLOWED = YES;
				CODE_SIGNING_REQUIRED = YES;
				CODE_SIGN_IDENTITY = "Apple Development";
				CODE_SIGN_STYLE = Automatic;
				CURRENT_PROJECT_VERSION = 1;
				DEVELOPMENT_TEAM = "${DEVELOPMENT_TEAM}";
				"EXCLUDED_ARCHS[sdk=iphonesimulator*]" = x86_64;
				FRAMEWORK_SEARCH_PATHS = (
					"$(inherited)",
					"\"../Frameworks\"",
				);
				GENERATE_INFOPLIST_FILE = NO;
				INFOPLIST_FILE = MoriRemote/Info.plist;
				IPHONEOS_DEPLOYMENT_TARGET = 17.0;
				LD_RUNPATH_SEARCH_PATHS = (
					"$(inherited)",
					"@executable_path/Frameworks",
				);
				MARKETING_VERSION = 0.3.5;
				OTHER_LDFLAGS = (
					"$(inherited)",
					"-lc++",
					"-Wl,-u,_ghostty_tmux_client_config_new",
				);
				PRODUCT_BUNDLE_IDENTIFIER = "com.vaayne.mori-remote";
				PRODUCT_NAME = MoriRemote;
				SDKROOT = iphoneos;
				SWIFT_STRICT_CONCURRENCY = complete;
				SWIFT_VERSION = 6.0;
				TARGETED_DEVICE_FAMILY = "1,2";
			};
			name = Debug;
		};
/* End XCBuildConfiguration section */

/* Begin XCConfigurationList section */
		3DDF485FADC3D5DFE95D2C40 /* Build configuration list for PBXNativeTarget "MoriRemote" */ = {
			isa = XCConfigurationList;
			buildConfigurations = (
				F726711058899274B3209411 /* Debug */,
				69426152C9AAF1A96AC6E225 /* Release */,
			);
			defaultConfigurationIsVisible = 0;
			defaultConfigurationName = Debug;
		};
		9336E4FEC94E0847B39758F5 /* Build configuration list for PBXProject "MoriRemote" */ = {
			isa = XCConfigurationList;
			buildConfigurations = (
				C7934FFE7BF74048CAD0AB5D /* Debug */,
				77045044ECE6C75BA99AF33D /* Release */,
			);
			defaultConfigurationIsVisible = 0;
			defaultConfigurationName = Debug;
		};
		AC164D6FBF79B9F2E0C42756 /* Build configuration list for PBXNativeTarget "MoriRemoteTests" */ = {
			isa = XCConfigurationList;
			buildConfigurations = (
				B92CA5DD46DFAC00DB97415E /* Debug */,
				1BBAE16F791C607971EBAA18 /* Release */,
			);
			defaultConfigurationIsVisible = 0;
			defaultConfigurationName = Debug;
		};
/* End XCConfigurationList section */

/* Begin XCRemoteSwiftPackageReference section */
		44DC4C8F745B8FAC8527796A /* XCRemoteSwiftPackageReference "swift-nio" */ = {
			isa = XCRemoteSwiftPackageReference;
			repositoryURL = "https://github.com/apple/swift-nio.git";
			requirement = {
				kind = exactVersion;
				version = 2.97.1;
			};
		};
		7C6A572E5B9BA196192B1D40 /* XCRemoteSwiftPackageReference "Citadel" */ = {
			isa = XCRemoteSwiftPackageReference;
			repositoryURL = "https://github.com/h3nock/Citadel.git";
			requirement = {
				kind = revision;
				revision = 1d0eadd81d0a521b00ede6663c8b3301f5fc252e;
			};
		};
		CBA32E44E2A2F728B4317FDB /* XCRemoteSwiftPackageReference "swift-nio-ssh" */ = {
			isa = XCRemoteSwiftPackageReference;
			repositoryURL = "https://github.com/h3nock/swift-nio-ssh.git";
			requirement = {
				kind = revision;
				revision = 7588777b8f6439efa1a33117f86cb2729abd864c;
			};
		};
/* End XCRemoteSwiftPackageReference section */

/* Begin XCSwiftPackageProductDependency section */
		2B047F037703450AD7431F98 /* NIOSSH */ = {
			isa = XCSwiftPackageProductDependency;
			package = CBA32E44E2A2F728B4317FDB /* XCRemoteSwiftPackageReference "swift-nio-ssh" */;
			productName = NIOSSH;
		};
		6712048F2C2EC6961F582380 /* NIO */ = {
			isa = XCSwiftPackageProductDependency;
			package = 44DC4C8F745B8FAC8527796A /* XCRemoteSwiftPackageReference "swift-nio" */;
			productName = NIO;
		};
		82712771B627666368A3F09C /* NIOPosix */ = {
			isa = XCSwiftPackageProductDependency;
			package = 44DC4C8F745B8FAC8527796A /* XCRemoteSwiftPackageReference "swift-nio" */;
			productName = NIOPosix;
		};
		F391794B759D1B5CD2C36000 /* Citadel */ = {
			isa = XCSwiftPackageProductDependency;
			package = 7C6A572E5B9BA196192B1D40 /* XCRemoteSwiftPackageReference "Citadel" */;
			productName = Citadel;
		};
/* End XCSwiftPackageProductDependency section */
	};
	rootObject = 04D4F671C0A85A6697E3F07E /* Project object */;
}
